
Microsoft Visual Studio Solution File, Format Version 12.00
# Visual Studio Version 16
VisualStudioVersion = 16.0.31911.196
MinimumVisualStudioVersion = 10.0.40219.1
Project("{FAE04EC0-301F-11D3-BF4B-00C04F79EFBC}") = "Model", "Model\Model.csproj", "{1250C423-9D74-4BDD-B5C1-4965E1ACAFCC}"
EndProject
Project("{FAE04EC0-301F-11D3-BF4B-00C04F79EFBC}") = "ConsoleApp", "ConsoleApp\ConsoleApp.csproj", "{67A7F3E4-7DC2-48E5-8E6C-5AD6BC229D0F}"
EndProject
Project("{FAE04EC0-301F-11D3-BF4B-00C04F79EFBC}") = "FormsApp", "FormsApp\FormsApp.csproj", "{F45867CD-CC22-4810-9826-EA456CAEAB10}"
EndProject
Global
	GlobalSection(SolutionConfigurationPlatforms) = preSolution
		Debug|Any CPU = Debug|Any CPU
		Release|Any CPU = Release|Any CPU
	EndGlobalSection
	GlobalSection(ProjectConfigurationPlatforms) = postSolution
		{1250C423-9D74-4BDD-B5C1-4965E1ACAFCC}.Debug|Any CPU.ActiveCfg = Debug|Any CPU
		{1250C423-9D74-4BDD-B5C1-4965E1ACAFCC}.Debug|Any CPU.Build.0 = Debug|Any CPU
		{1250C423-9D74-4BDD-B5C1-4965E1ACAFCC}.Release|Any CPU.ActiveCfg = Release|Any CPU
		{1250C423-9D74-4BDD-B5C1-4965E1ACAFCC}.Release|Any CPU.Build.0 = Release|Any CPU
		{67A7F3E4-7DC2-48E5-8E6C-5AD6BC229D0F}.Debug|Any CPU.ActiveCfg = Debug|Any CPU
		{67A7F3E4-7DC2-48E5-8E6C-5AD6BC229D0F}.Debug|Any CPU.Build.0 = Debug|Any CPU
		{67A7F3E4-7DC2-48E5-8E6C-5AD6BC229D0F}.Release|Any CPU.ActiveCfg = Release|Any CPU
		{67A7F3E4-7DC2-48E5-8E6C-5AD6BC229D0F}.Release|Any CPU.Build.0 = Release|Any CPU
		{F45867CD-CC22-4810-9826-EA456CAEAB10}.Debug|Any CPU.ActiveCfg = Debug|Any CPU
		{F45867CD-CC22-4810-9826-EA456CAEAB10}.Debug|Any CPU.Build.0 = Debug|Any CPU
		{F45867CD-CC22-4810-9826-EA456CAEAB10}.Release|Any CPU.ActiveCfg = Release|Any CPU
		{F45867CD-CC22-4810-9826-EA456CAEAB10}.Release|Any CPU.Build.0 = Release|Any CPU
	EndGlobalSection
	GlobalSection(SolutionProperties) = preSolution
		HideSolutionNode = FALSE
	EndGlobalSection
	GlobalSection(ExtensibilityGlobals) = postSolution
		SolutionGuid = {11C628CA-6664-4696-AAA7-0EBAFB6A2BA1}
	EndGlobalSection
EndGlobal
